
Microsoft Visual Studio Solution File, Format Version 12.00
# Visual Studio Version 17
VisualStudioVersion = 17.0.32014.148
MinimumVisualStudioVersion = 10.0.40219.1
Project("{9A19103F-16F7-4668-BE54-9A1E7A4F7556}") = "ModernBar", "ModernBar\ModernBar.csproj", "{F0378E53-B3E9-4FFD-85AD-5DCD0F02179A}"
EndProject
Global
	GlobalSection(SolutionConfigurationPlatforms) = preSolution
		Debug|Any CPU = Debug|Any CPU
		Debug|ARM64 = Debug|ARM64
		Debug|x86 = Debug|x86
		Release|Any CPU = Release|Any CPU
		Release|ARM64 = Release|ARM64
		Release|x86 = Release|x86
	EndGlobalSection
	GlobalSection(ProjectConfigurationPlatforms) = postSolution
		{F0378E53-B3E9-4FFD-85AD-5DCD0F02179A}.Debug|Any CPU.ActiveCfg = Debug|Any CPU
		{F0378E53-B3E9-4FFD-85AD-5DCD0F02179A}.Debug|Any CPU.Build.0 = Debug|Any CPU
		{F0378E53-B3E9-4FFD-85AD-5DCD0F02179A}.Debug|ARM64.ActiveCfg = Debug|ARM64
		{F0378E53-B3E9-4FFD-85AD-5DCD0F02179A}.Debug|ARM64.Build.0 = Debug|ARM64
		{F0378E53-B3E9-4FFD-85AD-5DCD0F02179A}.Debug|x86.ActiveCfg = Debug|x86
		{F0378E53-B3E9-4FFD-85AD-5DCD0F02179A}.Debug|x86.Build.0 = Debug|x86
		{F0378E53-B3E9-4FFD-85AD-5DCD0F02179A}.Release|Any CPU.ActiveCfg = Release|Any CPU
		{F0378E53-B3E9-4FFD-85AD-5DCD0F02179A}.Release|Any CPU.Build.0 = Release|Any CPU
		{F0378E53-B3E9-4FFD-85AD-5DCD0F02179A}.Release|ARM64.ActiveCfg = Release|ARM64
		{F0378E53-B3E9-4FFD-85AD-5DCD0F02179A}.Release|ARM64.Build.0 = Release|ARM64
		{F0378E53-B3E9-4FFD-85AD-5DCD0F02179A}.Release|x86.ActiveCfg = Release|x86
		{F0378E53-B3E9-4FFD-85AD-5DCD0F02179A}.Release|x86.Build.0 = Release|x86
	EndGlobalSection
	GlobalSection(SolutionProperties) = preSolution
		HideSolutionNode = FALSE
	EndGlobalSection
	GlobalSection(ExtensibilityGlobals) = postSolution
		SolutionGuid = {580647D7-D273-4B27-9657-356B345C97BC}
	EndGlobalSection
EndGlobal
